
Microsoft Visual Studio Solution File, Format Version 9.00
# Visual Studio 2005
Project("{8BC9CEB8-8B4A-11D0-8D11-00A0C91BC942}") = "MITab", "MITab.vcproj", "{1324399F-5B25-46F6-98E6-EC6A4C6DDDE0}"
EndProject
Global
	GlobalSection(SolutionConfigurationPlatforms) = preSolution
		Debug|Win32 = Debug|Win32
		Release|Win32 = Release|Win32
	EndGlobalSection
	GlobalSection(ProjectConfigurationPlatforms) = postSolution
		{1324399F-5B25-46F6-98E6-EC6A4C6DDDE0}.Debug|Win32.ActiveCfg = Debug|Win32
		{1324399F-5B25-46F6-98E6-EC6A4C6DDDE0}.Debug|Win32.Build.0 = Debug|Win32
		{1324399F-5B25-46F6-98E6-EC6A4C6DDDE0}.Release|Win32.ActiveCfg = Release|Win32
		{1324399F-5B25-46F6-98E6-EC6A4C6DDDE0}.Release|Win32.Build.0 = Release|Win32
	EndGlobalSection
	GlobalSection(SolutionProperties) = preSolution
		HideSolutionNode = FALSE
	EndGlobalSection
EndGlobal
